
Microsoft Visual Studio Solution File, Format Version 12.00
# Visual Studio 2012
Project("{FAE04EC0-301F-11D3-BF4B-00C04F79EFBC}") = "02.MovingLetters", "02.MovingLetters\02.MovingLetters.csproj", "{4BAEC303-3AEF-433A-905C-DEE8808FF73F}"
EndProject
Project("{FAE04EC0-301F-11D3-BF4B-00C04F79EFBC}") = "01.Zerg!", "01.Zerg!\01.Zerg!.csproj", "{9600185A-8E79-43DD-B575-22D27785AD56}"
EndProject
Project("{FAE04EC0-301F-11D3-BF4B-00C04F79EFBC}") = "03.DecodeAndDecrypt", "03.DecodeAndDecrypt\03.DecodeAndDecrypt.csproj", "{88885F97-C886-4CCB-AAFA-14549A2B14E1}"
EndProject
Project("{FAE04EC0-301F-11D3-BF4B-00C04F79EFBC}") = "04.MagicWords", "04.MagicWords\04.MagicWords.csproj", "{78FB8973-30F4-4B84-8FD2-396B0119FAE5}"
EndProject
Project("{FAE04EC0-301F-11D3-BF4B-00C04F79EFBC}") = "05.MultiverseCommunication", "05.MultiverseCommunication\05.MultiverseCommunication.csproj", "{4B7EF276-B2D7-4125-880B-FE6B1FEBA5DA}"
EndProject
Project("{FAE04EC0-301F-11D3-BF4B-00C04F79EFBC}") = "06.KaspichanNumbers", "06.KaspichanNumbers\06.KaspichanNumbers.csproj", "{D097A933-0A7E-4D0A-9629-2C3BC6E83D0D}"
EndProject
Project("{FAE04EC0-301F-11D3-BF4B-00C04F79EFBC}") = "07.DurankulakNumbers", "07.DurankulakNumbers\07.DurankulakNumbers.csproj", "{A921C7CC-B068-4670-B6E6-7A93097A1DEF}"
EndProject
Project("{FAE04EC0-301F-11D3-BF4B-00C04F79EFBC}") = "08.TRES4numbers", "08.TRES4numbers\08.TRES4numbers.csproj", "{535B7780-6841-4515-A20C-CEB27BC62D6A}"
EndProject
Project("{FAE04EC0-301F-11D3-BF4B-00C04F79EFBC}") = "09.StrangeLandNumbers", "09.StrangeLandNumbers\09.StrangeLandNumbers.csproj", "{1F846DD5-0708-4C71-8732-3A0635984281}"
EndProject
Project("{FAE04EC0-301F-11D3-BF4B-00C04F79EFBC}") = "10.9GagNumbers", "10.9GagNumbers\10.9GagNumbers.csproj", "{2184206E-2169-447C-B046-2B99F0AD686F}"
EndProject
Project("{FAE04EC0-301F-11D3-BF4B-00C04F79EFBC}") = "11.EncdodeAndEncrypt", "11.EcdodeAndEncrypt\11.EncdodeAndEncrypt.csproj", "{CAA5CABD-ADED-401E-839C-8A80A1A788A6}"
EndProject
Project("{FAE04EC0-301F-11D3-BF4B-00C04F79EFBC}") = "12.BunnyFactory", "12.BunnyFactory\12.BunnyFactory.csproj", "{93973490-5F6A-4C78-BEED-3A4701CD2643}"
EndProject
Project("{FAE04EC0-301F-11D3-BF4B-00C04F79EFBC}") = "13.TwoGirlsOnePath", "13.TwoGirlsOnePath\13.TwoGirlsOnePath.csproj", "{CEB933D6-6381-4AA0-BBA5-E052A238A024}"
EndProject
Project("{FAE04EC0-301F-11D3-BF4B-00C04F79EFBC}") = "14.JoroTheRabbit", "14.JoroTheRabbit\14.JoroTheRabbit.csproj", "{BDD01404-D5EA-43D1-80F2-9F1139DEA7C8}"
EndProject
Project("{FAE04EC0-301F-11D3-BF4B-00C04F79EFBC}") = "15.RelevanceIndex", "15.RelevanceIndex\15.RelevanceIndex.csproj", "{705AED9E-2F3F-4005-B21A-39C3CD8D393A}"
EndProject
Project("{FAE04EC0-301F-11D3-BF4B-00C04F79EFBC}") = "16.VariableCodeLength", "16.VariableCodeLength\16.VariableCodeLength.csproj", "{3BC9A08B-6624-4AAC-B208-A47ACE228566}"
EndProject
Project("{FAE04EC0-301F-11D3-BF4B-00C04F79EFBC}") = "17.TheyAreGreen", "17.TheyAreGreen\17.TheyAreGreen.csproj", "{69837711-1FE3-4F7B-BB97-3F518104F5A4}"
EndProject
Project("{FAE04EC0-301F-11D3-BF4B-00C04F79EFBC}") = "18.Pattern", "18.Pattern\18.Pattern.csproj", "{EB2C6283-C59A-44F1-BA84-DE56D3DA45CD}"
EndProject
Project("{FAE04EC0-301F-11D3-BF4B-00C04F79EFBC}") = "19.GreedyDwarf", "19.GreedyDwarf\19.GreedyDwarf.csproj", "{F8288B5E-312E-4610-82A9-E1596409599F}"
EndProject
Project("{FAE04EC0-301F-11D3-BF4B-00C04F79EFBC}") = "20.SpecialValue", "20.SpecialValue\20.SpecialValue.csproj", "{14A42F9C-C6AC-430B-8833-625B5133879C}"
EndProject
Project("{FAE04EC0-301F-11D3-BF4B-00C04F79EFBC}") = "21.Employees", "21.Employees\21.Employees.csproj", "{3CE72C9E-595A-46AA-A7EC-8935DCFA592E}"
EndProject
Project("{FAE04EC0-301F-11D3-BF4B-00C04F79EFBC}") = "22.Laser", "22.Laser\22.Laser.csproj", "{0248C6A0-E3AF-483F-B25A-02D17C4FE9F7}"
EndProject
Project("{FAE04EC0-301F-11D3-BF4B-00C04F79EFBC}") = "23.ConsoleJustification", "23.ConsoleJustification\23.ConsoleJustification.csproj", "{B45FB080-1E59-454D-A716-420677408D82}"
EndProject
Project("{FAE04EC0-301F-11D3-BF4B-00C04F79EFBC}") = "24.FTML", "24.FTML\24.FTML.csproj", "{CE3F6233-8D3C-4B3E-BC6F-2865B8A778E1}"
EndProject
Global
	GlobalSection(SolutionConfigurationPlatforms) = preSolution
		Debug|Any CPU = Debug|Any CPU
		Release|Any CPU = Release|Any CPU
	EndGlobalSection
	GlobalSection(ProjectConfigurationPlatforms) = postSolution
		{4BAEC303-3AEF-433A-905C-DEE8808FF73F}.Debug|Any CPU.ActiveCfg = Debug|Any CPU
		{4BAEC303-3AEF-433A-905C-DEE8808FF73F}.Debug|Any CPU.Build.0 = Debug|Any CPU
		{4BAEC303-3AEF-433A-905C-DEE8808FF73F}.Release|Any CPU.ActiveCfg = Release|Any CPU
		{4BAEC303-3AEF-433A-905C-DEE8808FF73F}.Release|Any CPU.Build.0 = Release|Any CPU
		{9600185A-8E79-43DD-B575-22D27785AD56}.Debug|Any CPU.ActiveCfg = Debug|Any CPU
		{9600185A-8E79-43DD-B575-22D27785AD56}.Debug|Any CPU.Build.0 = Debug|Any CPU
		{9600185A-8E79-43DD-B575-22D27785AD56}.Release|Any CPU.ActiveCfg = Release|Any CPU
		{9600185A-8E79-43DD-B575-22D27785AD56}.Release|Any CPU.Build.0 = Release|Any CPU
		{88885F97-C886-4CCB-AAFA-14549A2B14E1}.Debug|Any CPU.ActiveCfg = Debug|Any CPU
		{88885F97-C886-4CCB-AAFA-14549A2B14E1}.Debug|Any CPU.Build.0 = Debug|Any CPU
		{88885F97-C886-4CCB-AAFA-14549A2B14E1}.Release|Any CPU.ActiveCfg = Release|Any CPU
		{88885F97-C886-4CCB-AAFA-14549A2B14E1}.Release|Any CPU.Build.0 = Release|Any CPU
		{78FB8973-30F4-4B84-8FD2-396B0119FAE5}.Debug|Any CPU.ActiveCfg = Debug|Any CPU
		{78FB8973-30F4-4B84-8FD2-396B0119FAE5}.Debug|Any CPU.Build.0 = Debug|Any CPU
		{78FB8973-30F4-4B84-8FD2-396B0119FAE5}.Release|Any CPU.ActiveCfg = Release|Any CPU
		{78FB8973-30F4-4B84-8FD2-396B0119FAE5}.Release|Any CPU.Build.0 = Release|Any CPU
		{4B7EF276-B2D7-4125-880B-FE6B1FEBA5DA}.Debug|Any CPU.ActiveCfg = Debug|Any CPU
		{4B7EF276-B2D7-4125-880B-FE6B1FEBA5DA}.Debug|Any CPU.Build.0 = Debug|Any CPU
		{4B7EF276-B2D7-4125-880B-FE6B1FEBA5DA}.Release|Any CPU.ActiveCfg = Release|Any CPU
		{4B7EF276-B2D7-4125-880B-FE6B1FEBA5DA}.Release|Any CPU.Build.0 = Release|Any CPU
		{D097A933-0A7E-4D0A-9629-2C3BC6E83D0D}.Debug|Any CPU.ActiveCfg = Debug|Any CPU
		{D097A933-0A7E-4D0A-9629-2C3BC6E83D0D}.Debug|Any CPU.Build.0 = Debug|Any CPU
		{D097A933-0A7E-4D0A-9629-2C3BC6E83D0D}.Release|Any CPU.ActiveCfg = Release|Any CPU
		{D097A933-0A7E-4D0A-9629-2C3BC6E83D0D}.Release|Any CPU.Build.0 = Release|Any CPU
		{A921C7CC-B068-4670-B6E6-7A93097A1DEF}.Debug|Any CPU.ActiveCfg = Debug|Any CPU
		{A921C7CC-B068-4670-B6E6-7A93097A1DEF}.Debug|Any CPU.Build.0 = Debug|Any CPU
		{A921C7CC-B068-4670-B6E6-7A93097A1DEF}.Release|Any CPU.ActiveCfg = Release|Any CPU
		{A921C7CC-B068-4670-B6E6-7A93097A1DEF}.Release|Any CPU.Build.0 = Release|Any CPU
		{535B7780-6841-4515-A20C-CEB27BC62D6A}.Debug|Any CPU.ActiveCfg = Debug|Any CPU
		{535B7780-6841-4515-A20C-CEB27BC62D6A}.Debug|Any CPU.Build.0 = Debug|Any CPU
		{535B7780-6841-4515-A20C-CEB27BC62D6A}.Release|Any CPU.ActiveCfg = Release|Any CPU
		{535B7780-6841-4515-A20C-CEB27BC62D6A}.Release|Any CPU.Build.0 = Release|Any CPU
		{1F846DD5-0708-4C71-8732-3A0635984281}.Debug|Any CPU.ActiveCfg = Debug|Any CPU
		{1F846DD5-0708-4C71-8732-3A0635984281}.Debug|Any CPU.Build.0 = Debug|Any CPU
		{1F846DD5-0708-4C71-8732-3A0635984281}.Release|Any CPU.ActiveCfg = Release|Any CPU
		{1F846DD5-0708-4C71-8732-3A0635984281}.Release|Any CPU.Build.0 = Release|Any CPU
		{2184206E-2169-447C-B046-2B99F0AD686F}.Debug|Any CPU.ActiveCfg = Debug|Any CPU
		{2184206E-2169-447C-B046-2B99F0AD686F}.Debug|Any CPU.Build.0 = Debug|Any CPU
		{2184206E-2169-447C-B046-2B99F0AD686F}.Release|Any CPU.ActiveCfg = Release|Any CPU
		{2184206E-2169-447C-B046-2B99F0AD686F}.Release|Any CPU.Build.0 = Release|Any CPU
		{CAA5CABD-ADED-401E-839C-8A80A1A788A6}.Debug|Any CPU.ActiveCfg = Debug|Any CPU
		{CAA5CABD-ADED-401E-839C-8A80A1A788A6}.Debug|Any CPU.Build.0 = Debug|Any CPU
		{CAA5CABD-ADED-401E-839C-8A80A1A788A6}.Release|Any CPU.ActiveCfg = Release|Any CPU
		{CAA5CABD-ADED-401E-839C-8A80A1A788A6}.Release|Any CPU.Build.0 = Release|Any CPU
		{93973490-5F6A-4C78-BEED-3A4701CD2643}.Debug|Any CPU.ActiveCfg = Debug|Any CPU
		{93973490-5F6A-4C78-BEED-3A4701CD2643}.Debug|Any CPU.Build.0 = Debug|Any CPU
		{93973490-5F6A-4C78-BEED-3A4701CD2643}.Release|Any CPU.ActiveCfg = Release|Any CPU
		{93973490-5F6A-4C78-BEED-3A4701CD2643}.Release|Any CPU.Build.0 = Release|Any CPU
		{CEB933D6-6381-4AA0-BBA5-E052A238A024}.Debug|Any CPU.ActiveCfg = Debug|Any CPU
		{CEB933D6-6381-4AA0-BBA5-E052A238A024}.Debug|Any CPU.Build.0 = Debug|Any CPU
		{CEB933D6-6381-4AA0-BBA5-E052A238A024}.Release|Any CPU.ActiveCfg = Release|Any CPU
		{CEB933D6-6381-4AA0-BBA5-E052A238A024}.Release|Any CPU.Build.0 = Release|Any CPU
		{BDD01404-D5EA-43D1-80F2-9F1139DEA7C8}.Debug|Any CPU.ActiveCfg = Debug|Any CPU
		{BDD01404-D5EA-43D1-80F2-9F1139DEA7C8}.Debug|Any CPU.Build.0 = Debug|Any CPU
		{BDD01404-D5EA-43D1-80F2-9F1139DEA7C8}.Release|Any CPU.ActiveCfg = Release|Any CPU
		{BDD01404-D5EA-43D1-80F2-9F1139DEA7C8}.Release|Any CPU.Build.0 = Release|Any CPU
		{705AED9E-2F3F-4005-B21A-39C3CD8D393A}.Debug|Any CPU.ActiveCfg = Debug|Any CPU
		{705AED9E-2F3F-4005-B21A-39C3CD8D393A}.Debug|Any CPU.Build.0 = Debug|Any CPU
		{705AED9E-2F3F-4005-B21A-39C3CD8D393A}.Release|Any CPU.ActiveCfg = Release|Any CPU
		{705AED9E-2F3F-4005-B21A-39C3CD8D393A}.Release|Any CPU.Build.0 = Release|Any CPU
		{3BC9A08B-6624-4AAC-B208-A47ACE228566}.Debug|Any CPU.ActiveCfg = Debug|Any CPU
		{3BC9A08B-6624-4AAC-B208-A47ACE228566}.Debug|Any CPU.Build.0 = Debug|Any CPU
		{3BC9A08B-6624-4AAC-B208-A47ACE228566}.Release|Any CPU.ActiveCfg = Release|Any CPU
		{3BC9A08B-6624-4AAC-B208-A47ACE228566}.Release|Any CPU.Build.0 = Release|Any CPU
		{69837711-1FE3-4F7B-BB97-3F518104F5A4}.Debug|Any CPU.ActiveCfg = Debug|Any CPU
		{69837711-1FE3-4F7B-BB97-3F518104F5A4}.Debug|Any CPU.Build.0 = Debug|Any CPU
		{69837711-1FE3-4F7B-BB97-3F518104F5A4}.Release|Any CPU.ActiveCfg = Release|Any CPU
		{69837711-1FE3-4F7B-BB97-3F518104F5A4}.Release|Any CPU.Build.0 = Release|Any CPU
		{EB2C6283-C59A-44F1-BA84-DE56D3DA45CD}.Debug|Any CPU.ActiveCfg = Debug|Any CPU
		{EB2C6283-C59A-44F1-BA84-DE56D3DA45CD}.Debug|Any CPU.Build.0 = Debug|Any CPU
		{EB2C6283-C59A-44F1-BA84-DE56D3DA45CD}.Release|Any CPU.ActiveCfg = Release|Any CPU
		{EB2C6283-C59A-44F1-BA84-DE56D3DA45CD}.Release|Any CPU.Build.0 = Release|Any CPU
		{F8288B5E-312E-4610-82A9-E1596409599F}.Debug|Any CPU.ActiveCfg = Debug|Any CPU
		{F8288B5E-312E-4610-82A9-E1596409599F}.Debug|Any CPU.Build.0 = Debug|Any CPU
		{F8288B5E-312E-4610-82A9-E1596409599F}.Release|Any CPU.ActiveCfg = Release|Any CPU
		{F8288B5E-312E-4610-82A9-E1596409599F}.Release|Any CPU.Build.0 = Release|Any CPU
		{14A42F9C-C6AC-430B-8833-625B5133879C}.Debug|Any CPU.ActiveCfg = Debug|Any CPU
		{14A42F9C-C6AC-430B-8833-625B5133879C}.Debug|Any CPU.Build.0 = Debug|Any CPU
		{14A42F9C-C6AC-430B-8833-625B5133879C}.Release|Any CPU.ActiveCfg = Release|Any CPU
		{14A42F9C-C6AC-430B-8833-625B5133879C}.Release|Any CPU.Build.0 = Release|Any CPU
		{3CE72C9E-595A-46AA-A7EC-8935DCFA592E}.Debug|Any CPU.ActiveCfg = Debug|Any CPU
		{3CE72C9E-595A-46AA-A7EC-8935DCFA592E}.Debug|Any CPU.Build.0 = Debug|Any CPU
		{3CE72C9E-595A-46AA-A7EC-8935DCFA592E}.Release|Any CPU.ActiveCfg = Release|Any CPU
		{3CE72C9E-595A-46AA-A7EC-8935DCFA592E}.Release|Any CPU.Build.0 = Release|Any CPU
		{0248C6A0-E3AF-483F-B25A-02D17C4FE9F7}.Debug|Any CPU.ActiveCfg = Debug|Any CPU
		{0248C6A0-E3AF-483F-B25A-02D17C4FE9F7}.Debug|Any CPU.Build.0 = Debug|Any CPU
		{0248C6A0-E3AF-483F-B25A-02D17C4FE9F7}.Release|Any CPU.ActiveCfg = Release|Any CPU
		{0248C6A0-E3AF-483F-B25A-02D17C4FE9F7}.Release|Any CPU.Build.0 = Release|Any CPU
		{B45FB080-1E59-454D-A716-420677408D82}.Debug|Any CPU.ActiveCfg = Debug|Any CPU
		{B45FB080-1E59-454D-A716-420677408D82}.Debug|Any CPU.Build.0 = Debug|Any CPU
		{B45FB080-1E59-454D-A716-420677408D82}.Release|Any CPU.ActiveCfg = Release|Any CPU
		{B45FB080-1E59-454D-A716-420677408D82}.Release|Any CPU.Build.0 = Release|Any CPU
		{CE3F6233-8D3C-4B3E-BC6F-2865B8A778E1}.Debug|Any CPU.ActiveCfg = Debug|Any CPU
		{CE3F6233-8D3C-4B3E-BC6F-2865B8A778E1}.Debug|Any CPU.Build.0 = Debug|Any CPU
		{CE3F6233-8D3C-4B3E-BC6F-2865B8A778E1}.Release|Any CPU.ActiveCfg = Release|Any CPU
		{CE3F6233-8D3C-4B3E-BC6F-2865B8A778E1}.Release|Any CPU.Build.0 = Release|Any CPU
	EndGlobalSection
	GlobalSection(SolutionProperties) = preSolution
		HideSolutionNode = FALSE
	EndGlobalSection
EndGlobal
