
Microsoft Visual Studio Solution File, Format Version 12.00
# Visual Studio 2012
Project("{FAE04EC0-301F-11D3-BF4B-00C04F79EFBC}") = "02.Code-Formating", "02.Code-Formating\02.Code-Formating.csproj", "{6F260F80-40B6-48F8-8AD1-9DEC63EC493D}"
EndProject
Global
	GlobalSection(SolutionConfigurationPlatforms) = preSolution
		Debug|Any CPU = Debug|Any CPU
		Release|Any CPU = Release|Any CPU
	EndGlobalSection
	GlobalSection(ProjectConfigurationPlatforms) = postSolution
		{6F260F80-40B6-48F8-8AD1-9DEC63EC493D}.Debug|Any CPU.ActiveCfg = Debug|Any CPU
		{6F260F80-40B6-48F8-8AD1-9DEC63EC493D}.Debug|Any CPU.Build.0 = Debug|Any CPU
		{6F260F80-40B6-48F8-8AD1-9DEC63EC493D}.Release|Any CPU.ActiveCfg = Release|Any CPU
		{6F260F80-40B6-48F8-8AD1-9DEC63EC493D}.Release|Any CPU.Build.0 = Release|Any CPU
	EndGlobalSection
	GlobalSection(SolutionProperties) = preSolution
		HideSolutionNode = FALSE
	EndGlobalSection
EndGlobal
