
Microsoft Visual Studio Solution File, Format Version 12.00
# Visual Studio 2012
Project("{FAE04EC0-301F-11D3-BF4B-00C04F79EFBC}") = "01.2-4-8", "01.2-4-8\01.2-4-8.csproj", "{246C8748-7449-4270-AD5E-B38B24682A0E}"
EndProject
Project("{FAE04EC0-301F-11D3-BF4B-00C04F79EFBC}") = "02.NigtmareOnCodeStreet", "02.NigtmareOnCodeStreet\02.NigtmareOnCodeStreet.csproj", "{F64A4DF1-BE02-43E6-853F-21F9FF718CC5}"
EndProject
Project("{FAE04EC0-301F-11D3-BF4B-00C04F79EFBC}") = "05.GameOfPage", "03.Enigmanation\05.GameOfPage.csproj", "{4D37C7AC-6CD4-4A1E-90A9-F6471428DBBD}"
EndProject
Project("{FAE04EC0-301F-11D3-BF4B-00C04F79EFBC}") = "04.KaspichaniaBoats", "04.KaspichaniaBoats\04.KaspichaniaBoats.csproj", "{FB42615B-B85E-4455-858F-5DAD46888403}"
EndProject
Project("{FAE04EC0-301F-11D3-BF4B-00C04F79EFBC}") = "06.3-6-9", "01.3-6-9\06.3-6-9.csproj", "{9A721681-26DE-4D8B-8048-5D6F8B161638}"
EndProject
Project("{FAE04EC0-301F-11D3-BF4B-00C04F79EFBC}") = "07.TheHorror", "07.TheHorror\07.TheHorror.csproj", "{8783CEA2-2D71-4DF0-B146-B6C1A023A53F}"
EndProject
Project("{FAE04EC0-301F-11D3-BF4B-00C04F79EFBC}") = "08.X-Expression", "08.X-Expression\08.X-Expression.csproj", "{BB2EB6BE-31F9-4F87-B77F-52902FDFA349}"
EndProject
Project("{FAE04EC0-301F-11D3-BF4B-00C04F79EFBC}") = "09.DiamondTrolls", "09.DiamondTrolls\09.DiamondTrolls.csproj", "{7A05ED3B-5958-420A-A852-35174D710B79}"
EndProject
Project("{FAE04EC0-301F-11D3-BF4B-00C04F79EFBC}") = "11.PeaceOfCake", "11.PeaceOfCake\11.PeaceOfCake.csproj", "{34E2A989-AB1E-4C14-9B08-FD037A62723D}"
EndProject
Project("{FAE04EC0-301F-11D3-BF4B-00C04F79EFBC}") = "12.AngryFemaleGPS", "12.AngryFemaleGPS\12.AngryFemaleGPS.csproj", "{30347202-69A4-407E-8172-99DFFBBD7532}"
EndProject
Project("{FAE04EC0-301F-11D3-BF4B-00C04F79EFBC}") = "13.OnesAndZeroes", "13.OnesAndZeroes\13.OnesAndZeroes.csproj", "{ECACD785-1056-4D22-A814-45FC82D5EE98}"
EndProject
Project("{FAE04EC0-301F-11D3-BF4B-00C04F79EFBC}") = "14.Eggcelent", "14.Eggcelent\14.Eggcelent.csproj", "{BF17CB14-320F-4322-82CB-DFB2238EB455}"
EndProject
Project("{FAE04EC0-301F-11D3-BF4B-00C04F79EFBC}") = "15.NaBabaSmetalnika", "15.NaBabaSmetalnika\15.NaBabaSmetalnika.csproj", "{5C571B0F-D612-4B63-B7A0-7160F9E04BC7}"
EndProject
Project("{FAE04EC0-301F-11D3-BF4B-00C04F79EFBC}") = "03.Enigmation", "05.Enigmation\03.Enigmation.csproj", "{207706DB-DAE4-445B-B4C6-8B4C8EE74561}"
EndProject
Project("{FAE04EC0-301F-11D3-BF4B-00C04F79EFBC}") = "10.WarHead", "10.WarHead\10.WarHead.csproj", "{221DD111-70D0-4955-8F63-327E359EEFE3}"
EndProject
Project("{FAE04EC0-301F-11D3-BF4B-00C04F79EFBC}") = "16.CoffeeMachine", "16.CoffeeMachine\16.CoffeeMachine.csproj", "{DF7D14D8-52E4-4DA7-84B4-03D92936788B}"
EndProject
Project("{FAE04EC0-301F-11D3-BF4B-00C04F79EFBC}") = "17.DrunkenNumbers", "17.DrunkenNumbers\17.DrunkenNumbers.csproj", "{69FFA7FC-1260-492F-B454-8839A9C26562}"
EndProject
Project("{FAE04EC0-301F-11D3-BF4B-00C04F79EFBC}") = "19.Fire", "19.Fire\19.Fire.csproj", "{4FB6F63C-B262-4D99-89D0-AD01752C9359}"
EndProject
Project("{FAE04EC0-301F-11D3-BF4B-00C04F79EFBC}") = "18.BullsAndCows", "18.BullsAndCows\18.BullsAndCows.csproj", "{993E9351-CBFE-4F0C-93DB-9A18D3A788C1}"
EndProject
Project("{FAE04EC0-301F-11D3-BF4B-00C04F79EFBC}") = "20.Neurons", "20.Neurons\20.Neurons.csproj", "{C400EC8F-3320-478F-BAE5-46A9E9A09BDD}"
EndProject
Project("{FAE04EC0-301F-11D3-BF4B-00C04F79EFBC}") = "21.Garden", "21.Garden\21.Garden.csproj", "{30952A29-1E24-43EE-9178-E2FD2DBDE950}"
EndProject
Project("{FAE04EC0-301F-11D3-BF4B-00C04F79EFBC}") = "22.TheSecretsOfNumbers", "22.TheSecretsOfNumbers\22.TheSecretsOfNumbers.csproj", "{4C1830F3-6A49-48B9-AD09-00075F973733}"
EndProject
Project("{FAE04EC0-301F-11D3-BF4B-00C04F79EFBC}") = "24.BatGoikoTower", "24.BatGoikoTower\24.BatGoikoTower.csproj", "{77B80CBD-8CF4-469A-B5C9-79A23237D68F}"
EndProject
Project("{FAE04EC0-301F-11D3-BF4B-00C04F79EFBC}") = "23.CardWarsBatka", "23.CardWarsBatka\23.CardWarsBatka.csproj", "{846850B9-80BB-4DA2-AC0B-3C0864B015C7}"
EndProject
Project("{FAE04EC0-301F-11D3-BF4B-00C04F79EFBC}") = "26.NextDate", "26.NextDate\26.NextDate.csproj", "{3DCEAAE9-9E2D-4172-8130-6AB3AB2FD51E}"
EndProject
Project("{FAE04EC0-301F-11D3-BF4B-00C04F79EFBC}") = "27.TribonacciTriangle", "27.TribonacciTriangle\27.TribonacciTriangle.csproj", "{C1505445-C24F-4AF5-8FCA-100F790B3BE0}"
EndProject
Project("{FAE04EC0-301F-11D3-BF4B-00C04F79EFBC}") = "28.Sheets", "28.Sheets\28.Sheets.csproj", "{875002CC-434B-48A1-80EB-0E93CEAF2D88}"
EndProject
Project("{FAE04EC0-301F-11D3-BF4B-00C04F79EFBC}") = "29.OddNumber", "29.OddNumber\29.OddNumber.csproj", "{546662ED-6119-4DB7-96A7-AEE2C63D70DD}"
EndProject
Project("{FAE04EC0-301F-11D3-BF4B-00C04F79EFBC}") = "30.BitFormula", "29.BitFormula\30.BitFormula.csproj", "{94F9DDB5-6860-4776-976D-9887A8B1F4BA}"
EndProject
Project("{FAE04EC0-301F-11D3-BF4B-00C04F79EFBC}") = "31.SevenLandNumbers", "31.SevenLandNumbers\31.SevenLandNumbers.csproj", "{1ED44689-CB87-4B25-A108-FE2F6216A997}"
EndProject
Project("{FAE04EC0-301F-11D3-BF4B-00C04F79EFBC}") = "32.A-Nacci", "32.A-Nacci\32.A-Nacci.csproj", "{0ADB8EED-0877-4543-80F0-8564BD10945F}"
EndProject
Project("{FAE04EC0-301F-11D3-BF4B-00C04F79EFBC}") = "33.UKflag", "33.UKflag\33.UKflag.csproj", "{F4ACB349-8EA7-42BD-8C5F-ADEB25B85479}"
EndProject
Project("{FAE04EC0-301F-11D3-BF4B-00C04F79EFBC}") = "34.TripleRotationNumber", "34.TripleRotationNumber\34.TripleRotationNumber.csproj", "{51ECC96F-234B-4AE1-8421-F9EC8464820B}"
EndProject
Project("{FAE04EC0-301F-11D3-BF4B-00C04F79EFBC}") = "35.Poker", "35.Poker\35.Poker.csproj", "{9F54ECDF-CF40-428F-829E-33B17EB7F230}"
EndProject
Project("{FAE04EC0-301F-11D3-BF4B-00C04F79EFBC}") = "36.SandGlass", "36.SandGlass\36.SandGlass.csproj", "{84D8884A-4B86-425F-B59C-8D28AF50751D}"
EndProject
Global
	GlobalSection(SolutionConfigurationPlatforms) = preSolution
		Debug|Any CPU = Debug|Any CPU
		Release|Any CPU = Release|Any CPU
	EndGlobalSection
	GlobalSection(ProjectConfigurationPlatforms) = postSolution
		{246C8748-7449-4270-AD5E-B38B24682A0E}.Debug|Any CPU.ActiveCfg = Debug|Any CPU
		{246C8748-7449-4270-AD5E-B38B24682A0E}.Debug|Any CPU.Build.0 = Debug|Any CPU
		{246C8748-7449-4270-AD5E-B38B24682A0E}.Release|Any CPU.ActiveCfg = Release|Any CPU
		{246C8748-7449-4270-AD5E-B38B24682A0E}.Release|Any CPU.Build.0 = Release|Any CPU
		{F64A4DF1-BE02-43E6-853F-21F9FF718CC5}.Debug|Any CPU.ActiveCfg = Debug|Any CPU
		{F64A4DF1-BE02-43E6-853F-21F9FF718CC5}.Debug|Any CPU.Build.0 = Debug|Any CPU
		{F64A4DF1-BE02-43E6-853F-21F9FF718CC5}.Release|Any CPU.ActiveCfg = Release|Any CPU
		{F64A4DF1-BE02-43E6-853F-21F9FF718CC5}.Release|Any CPU.Build.0 = Release|Any CPU
		{4D37C7AC-6CD4-4A1E-90A9-F6471428DBBD}.Debug|Any CPU.ActiveCfg = Debug|Any CPU
		{4D37C7AC-6CD4-4A1E-90A9-F6471428DBBD}.Debug|Any CPU.Build.0 = Debug|Any CPU
		{4D37C7AC-6CD4-4A1E-90A9-F6471428DBBD}.Release|Any CPU.ActiveCfg = Release|Any CPU
		{4D37C7AC-6CD4-4A1E-90A9-F6471428DBBD}.Release|Any CPU.Build.0 = Release|Any CPU
		{FB42615B-B85E-4455-858F-5DAD46888403}.Debug|Any CPU.ActiveCfg = Debug|Any CPU
		{FB42615B-B85E-4455-858F-5DAD46888403}.Debug|Any CPU.Build.0 = Debug|Any CPU
		{FB42615B-B85E-4455-858F-5DAD46888403}.Release|Any CPU.ActiveCfg = Release|Any CPU
		{FB42615B-B85E-4455-858F-5DAD46888403}.Release|Any CPU.Build.0 = Release|Any CPU
		{9A721681-26DE-4D8B-8048-5D6F8B161638}.Debug|Any CPU.ActiveCfg = Debug|Any CPU
		{9A721681-26DE-4D8B-8048-5D6F8B161638}.Debug|Any CPU.Build.0 = Debug|Any CPU
		{9A721681-26DE-4D8B-8048-5D6F8B161638}.Release|Any CPU.ActiveCfg = Release|Any CPU
		{9A721681-26DE-4D8B-8048-5D6F8B161638}.Release|Any CPU.Build.0 = Release|Any CPU
		{8783CEA2-2D71-4DF0-B146-B6C1A023A53F}.Debug|Any CPU.ActiveCfg = Debug|Any CPU
		{8783CEA2-2D71-4DF0-B146-B6C1A023A53F}.Debug|Any CPU.Build.0 = Debug|Any CPU
		{8783CEA2-2D71-4DF0-B146-B6C1A023A53F}.Release|Any CPU.ActiveCfg = Release|Any CPU
		{8783CEA2-2D71-4DF0-B146-B6C1A023A53F}.Release|Any CPU.Build.0 = Release|Any CPU
		{BB2EB6BE-31F9-4F87-B77F-52902FDFA349}.Debug|Any CPU.ActiveCfg = Debug|Any CPU
		{BB2EB6BE-31F9-4F87-B77F-52902FDFA349}.Debug|Any CPU.Build.0 = Debug|Any CPU
		{BB2EB6BE-31F9-4F87-B77F-52902FDFA349}.Release|Any CPU.ActiveCfg = Release|Any CPU
		{BB2EB6BE-31F9-4F87-B77F-52902FDFA349}.Release|Any CPU.Build.0 = Release|Any CPU
		{7A05ED3B-5958-420A-A852-35174D710B79}.Debug|Any CPU.ActiveCfg = Debug|Any CPU
		{7A05ED3B-5958-420A-A852-35174D710B79}.Debug|Any CPU.Build.0 = Debug|Any CPU
		{7A05ED3B-5958-420A-A852-35174D710B79}.Release|Any CPU.ActiveCfg = Release|Any CPU
		{7A05ED3B-5958-420A-A852-35174D710B79}.Release|Any CPU.Build.0 = Release|Any CPU
		{34E2A989-AB1E-4C14-9B08-FD037A62723D}.Debug|Any CPU.ActiveCfg = Debug|Any CPU
		{34E2A989-AB1E-4C14-9B08-FD037A62723D}.Debug|Any CPU.Build.0 = Debug|Any CPU
		{34E2A989-AB1E-4C14-9B08-FD037A62723D}.Release|Any CPU.ActiveCfg = Release|Any CPU
		{34E2A989-AB1E-4C14-9B08-FD037A62723D}.Release|Any CPU.Build.0 = Release|Any CPU
		{30347202-69A4-407E-8172-99DFFBBD7532}.Debug|Any CPU.ActiveCfg = Debug|Any CPU
		{30347202-69A4-407E-8172-99DFFBBD7532}.Debug|Any CPU.Build.0 = Debug|Any CPU
		{30347202-69A4-407E-8172-99DFFBBD7532}.Release|Any CPU.ActiveCfg = Release|Any CPU
		{30347202-69A4-407E-8172-99DFFBBD7532}.Release|Any CPU.Build.0 = Release|Any CPU
		{ECACD785-1056-4D22-A814-45FC82D5EE98}.Debug|Any CPU.ActiveCfg = Debug|Any CPU
		{ECACD785-1056-4D22-A814-45FC82D5EE98}.Debug|Any CPU.Build.0 = Debug|Any CPU
		{ECACD785-1056-4D22-A814-45FC82D5EE98}.Release|Any CPU.ActiveCfg = Release|Any CPU
		{ECACD785-1056-4D22-A814-45FC82D5EE98}.Release|Any CPU.Build.0 = Release|Any CPU
		{BF17CB14-320F-4322-82CB-DFB2238EB455}.Debug|Any CPU.ActiveCfg = Debug|Any CPU
		{BF17CB14-320F-4322-82CB-DFB2238EB455}.Debug|Any CPU.Build.0 = Debug|Any CPU
		{BF17CB14-320F-4322-82CB-DFB2238EB455}.Release|Any CPU.ActiveCfg = Release|Any CPU
		{BF17CB14-320F-4322-82CB-DFB2238EB455}.Release|Any CPU.Build.0 = Release|Any CPU
		{5C571B0F-D612-4B63-B7A0-7160F9E04BC7}.Debug|Any CPU.ActiveCfg = Debug|Any CPU
		{5C571B0F-D612-4B63-B7A0-7160F9E04BC7}.Debug|Any CPU.Build.0 = Debug|Any CPU
		{5C571B0F-D612-4B63-B7A0-7160F9E04BC7}.Release|Any CPU.ActiveCfg = Release|Any CPU
		{5C571B0F-D612-4B63-B7A0-7160F9E04BC7}.Release|Any CPU.Build.0 = Release|Any CPU
		{207706DB-DAE4-445B-B4C6-8B4C8EE74561}.Debug|Any CPU.ActiveCfg = Debug|Any CPU
		{207706DB-DAE4-445B-B4C6-8B4C8EE74561}.Debug|Any CPU.Build.0 = Debug|Any CPU
		{207706DB-DAE4-445B-B4C6-8B4C8EE74561}.Release|Any CPU.ActiveCfg = Release|Any CPU
		{207706DB-DAE4-445B-B4C6-8B4C8EE74561}.Release|Any CPU.Build.0 = Release|Any CPU
		{221DD111-70D0-4955-8F63-327E359EEFE3}.Debug|Any CPU.ActiveCfg = Debug|Any CPU
		{221DD111-70D0-4955-8F63-327E359EEFE3}.Debug|Any CPU.Build.0 = Debug|Any CPU
		{221DD111-70D0-4955-8F63-327E359EEFE3}.Release|Any CPU.ActiveCfg = Release|Any CPU
		{221DD111-70D0-4955-8F63-327E359EEFE3}.Release|Any CPU.Build.0 = Release|Any CPU
		{DF7D14D8-52E4-4DA7-84B4-03D92936788B}.Debug|Any CPU.ActiveCfg = Debug|Any CPU
		{DF7D14D8-52E4-4DA7-84B4-03D92936788B}.Debug|Any CPU.Build.0 = Debug|Any CPU
		{DF7D14D8-52E4-4DA7-84B4-03D92936788B}.Release|Any CPU.ActiveCfg = Release|Any CPU
		{DF7D14D8-52E4-4DA7-84B4-03D92936788B}.Release|Any CPU.Build.0 = Release|Any CPU
		{69FFA7FC-1260-492F-B454-8839A9C26562}.Debug|Any CPU.ActiveCfg = Debug|Any CPU
		{69FFA7FC-1260-492F-B454-8839A9C26562}.Debug|Any CPU.Build.0 = Debug|Any CPU
		{69FFA7FC-1260-492F-B454-8839A9C26562}.Release|Any CPU.ActiveCfg = Release|Any CPU
		{69FFA7FC-1260-492F-B454-8839A9C26562}.Release|Any CPU.Build.0 = Release|Any CPU
		{4FB6F63C-B262-4D99-89D0-AD01752C9359}.Debug|Any CPU.ActiveCfg = Debug|Any CPU
		{4FB6F63C-B262-4D99-89D0-AD01752C9359}.Debug|Any CPU.Build.0 = Debug|Any CPU
		{4FB6F63C-B262-4D99-89D0-AD01752C9359}.Release|Any CPU.ActiveCfg = Release|Any CPU
		{4FB6F63C-B262-4D99-89D0-AD01752C9359}.Release|Any CPU.Build.0 = Release|Any CPU
		{993E9351-CBFE-4F0C-93DB-9A18D3A788C1}.Debug|Any CPU.ActiveCfg = Debug|Any CPU
		{993E9351-CBFE-4F0C-93DB-9A18D3A788C1}.Debug|Any CPU.Build.0 = Debug|Any CPU
		{993E9351-CBFE-4F0C-93DB-9A18D3A788C1}.Release|Any CPU.ActiveCfg = Release|Any CPU
		{993E9351-CBFE-4F0C-93DB-9A18D3A788C1}.Release|Any CPU.Build.0 = Release|Any CPU
		{C400EC8F-3320-478F-BAE5-46A9E9A09BDD}.Debug|Any CPU.ActiveCfg = Debug|Any CPU
		{C400EC8F-3320-478F-BAE5-46A9E9A09BDD}.Debug|Any CPU.Build.0 = Debug|Any CPU
		{C400EC8F-3320-478F-BAE5-46A9E9A09BDD}.Release|Any CPU.ActiveCfg = Release|Any CPU
		{C400EC8F-3320-478F-BAE5-46A9E9A09BDD}.Release|Any CPU.Build.0 = Release|Any CPU
		{30952A29-1E24-43EE-9178-E2FD2DBDE950}.Debug|Any CPU.ActiveCfg = Debug|Any CPU
		{30952A29-1E24-43EE-9178-E2FD2DBDE950}.Debug|Any CPU.Build.0 = Debug|Any CPU
		{30952A29-1E24-43EE-9178-E2FD2DBDE950}.Release|Any CPU.ActiveCfg = Release|Any CPU
		{30952A29-1E24-43EE-9178-E2FD2DBDE950}.Release|Any CPU.Build.0 = Release|Any CPU
		{4C1830F3-6A49-48B9-AD09-00075F973733}.Debug|Any CPU.ActiveCfg = Debug|Any CPU
		{4C1830F3-6A49-48B9-AD09-00075F973733}.Debug|Any CPU.Build.0 = Debug|Any CPU
		{4C1830F3-6A49-48B9-AD09-00075F973733}.Release|Any CPU.ActiveCfg = Release|Any CPU
		{4C1830F3-6A49-48B9-AD09-00075F973733}.Release|Any CPU.Build.0 = Release|Any CPU
		{77B80CBD-8CF4-469A-B5C9-79A23237D68F}.Debug|Any CPU.ActiveCfg = Debug|Any CPU
		{77B80CBD-8CF4-469A-B5C9-79A23237D68F}.Debug|Any CPU.Build.0 = Debug|Any CPU
		{77B80CBD-8CF4-469A-B5C9-79A23237D68F}.Release|Any CPU.ActiveCfg = Release|Any CPU
		{77B80CBD-8CF4-469A-B5C9-79A23237D68F}.Release|Any CPU.Build.0 = Release|Any CPU
		{846850B9-80BB-4DA2-AC0B-3C0864B015C7}.Debug|Any CPU.ActiveCfg = Debug|Any CPU
		{846850B9-80BB-4DA2-AC0B-3C0864B015C7}.Debug|Any CPU.Build.0 = Debug|Any CPU
		{846850B9-80BB-4DA2-AC0B-3C0864B015C7}.Release|Any CPU.ActiveCfg = Release|Any CPU
		{846850B9-80BB-4DA2-AC0B-3C0864B015C7}.Release|Any CPU.Build.0 = Release|Any CPU
		{3DCEAAE9-9E2D-4172-8130-6AB3AB2FD51E}.Debug|Any CPU.ActiveCfg = Debug|Any CPU
		{3DCEAAE9-9E2D-4172-8130-6AB3AB2FD51E}.Debug|Any CPU.Build.0 = Debug|Any CPU
		{3DCEAAE9-9E2D-4172-8130-6AB3AB2FD51E}.Release|Any CPU.ActiveCfg = Release|Any CPU
		{3DCEAAE9-9E2D-4172-8130-6AB3AB2FD51E}.Release|Any CPU.Build.0 = Release|Any CPU
		{C1505445-C24F-4AF5-8FCA-100F790B3BE0}.Debug|Any CPU.ActiveCfg = Debug|Any CPU
		{C1505445-C24F-4AF5-8FCA-100F790B3BE0}.Debug|Any CPU.Build.0 = Debug|Any CPU
		{C1505445-C24F-4AF5-8FCA-100F790B3BE0}.Release|Any CPU.ActiveCfg = Release|Any CPU
		{C1505445-C24F-4AF5-8FCA-100F790B3BE0}.Release|Any CPU.Build.0 = Release|Any CPU
		{875002CC-434B-48A1-80EB-0E93CEAF2D88}.Debug|Any CPU.ActiveCfg = Debug|Any CPU
		{875002CC-434B-48A1-80EB-0E93CEAF2D88}.Debug|Any CPU.Build.0 = Debug|Any CPU
		{875002CC-434B-48A1-80EB-0E93CEAF2D88}.Release|Any CPU.ActiveCfg = Release|Any CPU
		{875002CC-434B-48A1-80EB-0E93CEAF2D88}.Release|Any CPU.Build.0 = Release|Any CPU
		{546662ED-6119-4DB7-96A7-AEE2C63D70DD}.Debug|Any CPU.ActiveCfg = Debug|Any CPU
		{546662ED-6119-4DB7-96A7-AEE2C63D70DD}.Debug|Any CPU.Build.0 = Debug|Any CPU
		{546662ED-6119-4DB7-96A7-AEE2C63D70DD}.Release|Any CPU.ActiveCfg = Release|Any CPU
		{546662ED-6119-4DB7-96A7-AEE2C63D70DD}.Release|Any CPU.Build.0 = Release|Any CPU
		{94F9DDB5-6860-4776-976D-9887A8B1F4BA}.Debug|Any CPU.ActiveCfg = Debug|Any CPU
		{94F9DDB5-6860-4776-976D-9887A8B1F4BA}.Debug|Any CPU.Build.0 = Debug|Any CPU
		{94F9DDB5-6860-4776-976D-9887A8B1F4BA}.Release|Any CPU.ActiveCfg = Release|Any CPU
		{94F9DDB5-6860-4776-976D-9887A8B1F4BA}.Release|Any CPU.Build.0 = Release|Any CPU
		{1ED44689-CB87-4B25-A108-FE2F6216A997}.Debug|Any CPU.ActiveCfg = Debug|Any CPU
		{1ED44689-CB87-4B25-A108-FE2F6216A997}.Debug|Any CPU.Build.0 = Debug|Any CPU
		{1ED44689-CB87-4B25-A108-FE2F6216A997}.Release|Any CPU.ActiveCfg = Release|Any CPU
		{1ED44689-CB87-4B25-A108-FE2F6216A997}.Release|Any CPU.Build.0 = Release|Any CPU
		{0ADB8EED-0877-4543-80F0-8564BD10945F}.Debug|Any CPU.ActiveCfg = Debug|Any CPU
		{0ADB8EED-0877-4543-80F0-8564BD10945F}.Debug|Any CPU.Build.0 = Debug|Any CPU
		{0ADB8EED-0877-4543-80F0-8564BD10945F}.Release|Any CPU.ActiveCfg = Release|Any CPU
		{0ADB8EED-0877-4543-80F0-8564BD10945F}.Release|Any CPU.Build.0 = Release|Any CPU
		{F4ACB349-8EA7-42BD-8C5F-ADEB25B85479}.Debug|Any CPU.ActiveCfg = Debug|Any CPU
		{F4ACB349-8EA7-42BD-8C5F-ADEB25B85479}.Debug|Any CPU.Build.0 = Debug|Any CPU
		{F4ACB349-8EA7-42BD-8C5F-ADEB25B85479}.Release|Any CPU.ActiveCfg = Release|Any CPU
		{F4ACB349-8EA7-42BD-8C5F-ADEB25B85479}.Release|Any CPU.Build.0 = Release|Any CPU
		{51ECC96F-234B-4AE1-8421-F9EC8464820B}.Debug|Any CPU.ActiveCfg = Debug|Any CPU
		{51ECC96F-234B-4AE1-8421-F9EC8464820B}.Debug|Any CPU.Build.0 = Debug|Any CPU
		{51ECC96F-234B-4AE1-8421-F9EC8464820B}.Release|Any CPU.ActiveCfg = Release|Any CPU
		{51ECC96F-234B-4AE1-8421-F9EC8464820B}.Release|Any CPU.Build.0 = Release|Any CPU
		{9F54ECDF-CF40-428F-829E-33B17EB7F230}.Debug|Any CPU.ActiveCfg = Debug|Any CPU
		{9F54ECDF-CF40-428F-829E-33B17EB7F230}.Debug|Any CPU.Build.0 = Debug|Any CPU
		{9F54ECDF-CF40-428F-829E-33B17EB7F230}.Release|Any CPU.ActiveCfg = Release|Any CPU
		{9F54ECDF-CF40-428F-829E-33B17EB7F230}.Release|Any CPU.Build.0 = Release|Any CPU
		{84D8884A-4B86-425F-B59C-8D28AF50751D}.Debug|Any CPU.ActiveCfg = Debug|Any CPU
		{84D8884A-4B86-425F-B59C-8D28AF50751D}.Debug|Any CPU.Build.0 = Debug|Any CPU
		{84D8884A-4B86-425F-B59C-8D28AF50751D}.Release|Any CPU.ActiveCfg = Release|Any CPU
		{84D8884A-4B86-425F-B59C-8D28AF50751D}.Release|Any CPU.Build.0 = Release|Any CPU
	EndGlobalSection
	GlobalSection(SolutionProperties) = preSolution
		HideSolutionNode = FALSE
	EndGlobalSection
EndGlobal
