
Microsoft Visual Studio Solution File, Format Version 12.00
# Visual Studio 2012
Project("{FAE04EC0-301F-11D3-BF4B-00C04F79EFBC}") = "01.Task-Size", "01.Task-Size\01.Task-Size.csproj", "{140F2206-ECD5-4595-9CE8-4402582ECFED}"
EndProject
Project("{FAE04EC0-301F-11D3-BF4B-00C04F79EFBC}") = "02.Task-MethodPrintStatisticsInCSharp", "02.Task-MethodPrintStatisticsInCSharp\02.Task-MethodPrintStatisticsInCSharp.csproj", "{C974BE00-5D93-4832-BEAE-DF0B85AEB658}"
EndProject
Global
	GlobalSection(SolutionConfigurationPlatforms) = preSolution
		Debug|Any CPU = Debug|Any CPU
		Release|Any CPU = Release|Any CPU
	EndGlobalSection
	GlobalSection(ProjectConfigurationPlatforms) = postSolution
		{140F2206-ECD5-4595-9CE8-4402582ECFED}.Debug|Any CPU.ActiveCfg = Debug|Any CPU
		{140F2206-ECD5-4595-9CE8-4402582ECFED}.Debug|Any CPU.Build.0 = Debug|Any CPU
		{140F2206-ECD5-4595-9CE8-4402582ECFED}.Release|Any CPU.ActiveCfg = Release|Any CPU
		{140F2206-ECD5-4595-9CE8-4402582ECFED}.Release|Any CPU.Build.0 = Release|Any CPU
		{C974BE00-5D93-4832-BEAE-DF0B85AEB658}.Debug|Any CPU.ActiveCfg = Debug|Any CPU
		{C974BE00-5D93-4832-BEAE-DF0B85AEB658}.Debug|Any CPU.Build.0 = Debug|Any CPU
		{C974BE00-5D93-4832-BEAE-DF0B85AEB658}.Release|Any CPU.ActiveCfg = Release|Any CPU
		{C974BE00-5D93-4832-BEAE-DF0B85AEB658}.Release|Any CPU.Build.0 = Release|Any CPU
	EndGlobalSection
	GlobalSection(SolutionProperties) = preSolution
		HideSolutionNode = FALSE
	EndGlobalSection
EndGlobal
