
Microsoft Visual Studio Solution File, Format Version 12.00
# Visual Studio 2012
Project("{FAE04EC0-301F-11D3-BF4B-00C04F79EFBC}") = "01.StudentClass(1-3)", "01.StudentClass\01.StudentClass(1-3).csproj", "{1D727C61-759A-41B4-BDCC-866F8D99220E}"
EndProject
Project("{FAE04EC0-301F-11D3-BF4B-00C04F79EFBC}") = "02.PersonClass(4)", "02.PersonClass\02.PersonClass(4).csproj", "{402C8753-44F8-480A-9898-085AE05BBE7C}"
EndProject
Project("{FAE04EC0-301F-11D3-BF4B-00C04F79EFBC}") = "03.64BitArray(5)", "03.64BitArray(5)\03.64BitArray(5).csproj", "{89BC7D00-EEEE-4B3F-80DC-9149A9BEA9B2}"
EndProject
Global
	GlobalSection(SolutionConfigurationPlatforms) = preSolution
		Debug|Any CPU = Debug|Any CPU
		Release|Any CPU = Release|Any CPU
	EndGlobalSection
	GlobalSection(ProjectConfigurationPlatforms) = postSolution
		{1D727C61-759A-41B4-BDCC-866F8D99220E}.Debug|Any CPU.ActiveCfg = Debug|Any CPU
		{1D727C61-759A-41B4-BDCC-866F8D99220E}.Debug|Any CPU.Build.0 = Debug|Any CPU
		{1D727C61-759A-41B4-BDCC-866F8D99220E}.Release|Any CPU.ActiveCfg = Release|Any CPU
		{1D727C61-759A-41B4-BDCC-866F8D99220E}.Release|Any CPU.Build.0 = Release|Any CPU
		{402C8753-44F8-480A-9898-085AE05BBE7C}.Debug|Any CPU.ActiveCfg = Debug|Any CPU
		{402C8753-44F8-480A-9898-085AE05BBE7C}.Debug|Any CPU.Build.0 = Debug|Any CPU
		{402C8753-44F8-480A-9898-085AE05BBE7C}.Release|Any CPU.ActiveCfg = Release|Any CPU
		{402C8753-44F8-480A-9898-085AE05BBE7C}.Release|Any CPU.Build.0 = Release|Any CPU
		{89BC7D00-EEEE-4B3F-80DC-9149A9BEA9B2}.Debug|Any CPU.ActiveCfg = Debug|Any CPU
		{89BC7D00-EEEE-4B3F-80DC-9149A9BEA9B2}.Debug|Any CPU.Build.0 = Debug|Any CPU
		{89BC7D00-EEEE-4B3F-80DC-9149A9BEA9B2}.Release|Any CPU.ActiveCfg = Release|Any CPU
		{89BC7D00-EEEE-4B3F-80DC-9149A9BEA9B2}.Release|Any CPU.Build.0 = Release|Any CPU
	EndGlobalSection
	GlobalSection(SolutionProperties) = preSolution
		HideSolutionNode = FALSE
	EndGlobalSection
EndGlobal
